
Microsoft Visual Studio Solution File, Format Version 12.00
# Visual Studio Version 17
VisualStudioVersion = 17.3.32929.385
MinimumVisualStudioVersion = 10.0.40219.1
Project("{FAE04EC0-301F-11D3-BF4B-00C04F79EFBC}") = "menuTaocoffee", "menuTaocoffee.csproj", "{17C1EE9E-21D3-4DD7-9237-5F414DA14DC0}"
EndProject
Global
	GlobalSection(SolutionConfigurationPlatforms) = preSolution
		Debug|Any CPU = Debug|Any CPU
		Release|Any CPU = Release|Any CPU
	EndGlobalSection
	GlobalSection(ProjectConfigurationPlatforms) = postSolution
		{17C1EE9E-21D3-4DD7-9237-5F414DA14DC0}.Debug|Any CPU.ActiveCfg = Debug|Any CPU
		{17C1EE9E-21D3-4DD7-9237-5F414DA14DC0}.Debug|Any CPU.Build.0 = Debug|Any CPU
		{17C1EE9E-21D3-4DD7-9237-5F414DA14DC0}.Release|Any CPU.ActiveCfg = Release|Any CPU
		{17C1EE9E-21D3-4DD7-9237-5F414DA14DC0}.Release|Any CPU.Build.0 = Release|Any CPU
	EndGlobalSection
	GlobalSection(SolutionProperties) = preSolution
		HideSolutionNode = FALSE
	EndGlobalSection
	GlobalSection(ExtensibilityGlobals) = postSolution
		SolutionGuid = {602B248D-7498-4C7A-827B-370117820FD9}
	EndGlobalSection
EndGlobal
